
Microsoft Visual Studio Solution File, Format Version 12.00
# Visual Studio Version 17
VisualStudioVersion = 17.8.34511.84
MinimumVisualStudioVersion = 10.0.40219.1
Project("{9A19103F-16F7-4668-BE54-9A1E7A4F7556}") = "DAL", "DAL\DAL.csproj", "{416FAE6E-772C-4D1C-A246-5182CFF52164}"
EndProject
Project("{9A19103F-16F7-4668-BE54-9A1E7A4F7556}") = "DTO", "DTO\DTO.csproj", "{F337B39F-B018-4F15-9C93-37521CC2F4F2}"
EndProject
Project("{9A19103F-16F7-4668-BE54-9A1E7A4F7556}") = "BUS", "BUS\BUS.csproj", "{78BFC9EA-B4A3-4960-8C1E-DE2D3399A7AD}"
EndProject
Project("{9A19103F-16F7-4668-BE54-9A1E7A4F7556}") = "GUI", "GUI\GUI.csproj", "{DBCA105E-FEBA-40A9-895E-620418D0F5C6}"
EndProject
Project("{2150E333-8FDC-42A3-9474-1A3956D46DE8}") = "User_Directory", "User_Directory", "{12714307-B013-4582-841C-3DEC56F7B318}"
EndProject
Global
	GlobalSection(SolutionConfigurationPlatforms) = preSolution
		Debug|Any CPU = Debug|Any CPU
		Release|Any CPU = Release|Any CPU
	EndGlobalSection
	GlobalSection(ProjectConfigurationPlatforms) = postSolution
		{416FAE6E-772C-4D1C-A246-5182CFF52164}.Debug|Any CPU.ActiveCfg = Debug|Any CPU
		{416FAE6E-772C-4D1C-A246-5182CFF52164}.Debug|Any CPU.Build.0 = Debug|Any CPU
		{416FAE6E-772C-4D1C-A246-5182CFF52164}.Release|Any CPU.ActiveCfg = Release|Any CPU
		{416FAE6E-772C-4D1C-A246-5182CFF52164}.Release|Any CPU.Build.0 = Release|Any CPU
		{F337B39F-B018-4F15-9C93-37521CC2F4F2}.Debug|Any CPU.ActiveCfg = Debug|Any CPU
		{F337B39F-B018-4F15-9C93-37521CC2F4F2}.Debug|Any CPU.Build.0 = Debug|Any CPU
		{F337B39F-B018-4F15-9C93-37521CC2F4F2}.Release|Any CPU.ActiveCfg = Release|Any CPU
		{F337B39F-B018-4F15-9C93-37521CC2F4F2}.Release|Any CPU.Build.0 = Release|Any CPU
		{78BFC9EA-B4A3-4960-8C1E-DE2D3399A7AD}.Debug|Any CPU.ActiveCfg = Debug|Any CPU
		{78BFC9EA-B4A3-4960-8C1E-DE2D3399A7AD}.Debug|Any CPU.Build.0 = Debug|Any CPU
		{78BFC9EA-B4A3-4960-8C1E-DE2D3399A7AD}.Release|Any CPU.ActiveCfg = Release|Any CPU
		{78BFC9EA-B4A3-4960-8C1E-DE2D3399A7AD}.Release|Any CPU.Build.0 = Release|Any CPU
		{DBCA105E-FEBA-40A9-895E-620418D0F5C6}.Debug|Any CPU.ActiveCfg = Debug|Any CPU
		{DBCA105E-FEBA-40A9-895E-620418D0F5C6}.Debug|Any CPU.Build.0 = Debug|Any CPU
		{DBCA105E-FEBA-40A9-895E-620418D0F5C6}.Release|Any CPU.ActiveCfg = Release|Any CPU
		{DBCA105E-FEBA-40A9-895E-620418D0F5C6}.Release|Any CPU.Build.0 = Release|Any CPU
	EndGlobalSection
	GlobalSection(SolutionProperties) = preSolution
		HideSolutionNode = FALSE
	EndGlobalSection
	GlobalSection(ExtensibilityGlobals) = postSolution
		SolutionGuid = {82CAD774-DB89-42D5-BFE9-429B6E78D08F}
	EndGlobalSection
EndGlobal
